{
  "name": "@mkaczkowski/ai-command-library",
  "version": "0.1.0",
  "lockfileVersion": 3,
  "requires": true,
  "packages": {
    "": {
      "name": "@mkaczkowski/ai-command-library",
      "version": "0.1.0",
      "license": "UNLICENSED",
      "bin": {
        "link-ai-commands": "bin/link-ai-commands.js"
      },
      "engines": {
        "node": ">=18"
      }
    }
  }
}
